
Microsoft Visual Studio Solution File, Format Version 12.00
# Visual Studio Version 17
VisualStudioVersion = 17.0.31903.59
MinimumVisualStudioVersion = 10.0.40219.1
Project("{FAE04EC0-301F-11D3-BF4B-00C04F79EFBC}") = "MarketDataApi", "MarketDataApi\MarketDataApi.csproj", "{BCDB1D87-7969-473D-9A00-96C293D9F67E}"
EndProject
Project("{FAE04EC0-301F-11D3-BF4B-00C04F79EFBC}") = "MarketDataApi.Tests", "MarketDataApi.Tests\MarketDataApi.Tests.csproj", "{A38E261D-86E2-4B2F-9A3E-B82CE8680056}"
EndProject
Global
	GlobalSection(SolutionConfigurationPlatforms) = preSolution
		Debug|Any CPU = Debug|Any CPU
		Release|Any CPU = Release|Any CPU
	EndGlobalSection
	GlobalSection(SolutionProperties) = preSolution
		HideSolutionNode = FALSE
	EndGlobalSection
	GlobalSection(ProjectConfigurationPlatforms) = postSolution
		{BCDB1D87-7969-473D-9A00-96C293D9F67E}.Debug|Any CPU.ActiveCfg = Debug|Any CPU
		{BCDB1D87-7969-473D-9A00-96C293D9F67E}.Debug|Any CPU.Build.0 = Debug|Any CPU
		{BCDB1D87-7969-473D-9A00-96C293D9F67E}.Release|Any CPU.ActiveCfg = Release|Any CPU
		{BCDB1D87-7969-473D-9A00-96C293D9F67E}.Release|Any CPU.Build.0 = Release|Any CPU
		{A38E261D-86E2-4B2F-9A3E-B82CE8680056}.Debug|Any CPU.ActiveCfg = Debug|Any CPU
		{A38E261D-86E2-4B2F-9A3E-B82CE8680056}.Debug|Any CPU.Build.0 = Debug|Any CPU
		{A38E261D-86E2-4B2F-9A3E-B82CE8680056}.Release|Any CPU.ActiveCfg = Release|Any CPU
		{A38E261D-86E2-4B2F-9A3E-B82CE8680056}.Release|Any CPU.Build.0 = Release|Any CPU
	EndGlobalSection
EndGlobal
